
Microsoft Visual Studio Solution File, Format Version 12.00
# Visual Studio Version 16
VisualStudioVersion = 16.0.31321.278
MinimumVisualStudioVersion = 10.0.40219.1
Project("{FAE04EC0-301F-11D3-BF4B-00C04F79EFBC}") = "SafeInt", "SafeInt\SafeInt.csproj", "{646BBB82-59BB-4BAB-A8F5-87A2A99858D6}"
EndProject
Project("{FAE04EC0-301F-11D3-BF4B-00C04F79EFBC}") = "SafeInte.Tests", "SafeInte.Tests\SafeInte.Tests.csproj", "{A4E8ACC7-55B5-4B39-B798-81AE9927439F}"
EndProject
Global
	GlobalSection(SolutionConfigurationPlatforms) = preSolution
		Debug|Any CPU = Debug|Any CPU
		Release|Any CPU = Release|Any CPU
	EndGlobalSection
	GlobalSection(ProjectConfigurationPlatforms) = postSolution
		{646BBB82-59BB-4BAB-A8F5-87A2A99858D6}.Debug|Any CPU.ActiveCfg = Debug|Any CPU
		{646BBB82-59BB-4BAB-A8F5-87A2A99858D6}.Debug|Any CPU.Build.0 = Debug|Any CPU
		{646BBB82-59BB-4BAB-A8F5-87A2A99858D6}.Release|Any CPU.ActiveCfg = Release|Any CPU
		{646BBB82-59BB-4BAB-A8F5-87A2A99858D6}.Release|Any CPU.Build.0 = Release|Any CPU
		{A4E8ACC7-55B5-4B39-B798-81AE9927439F}.Debug|Any CPU.ActiveCfg = Debug|Any CPU
		{A4E8ACC7-55B5-4B39-B798-81AE9927439F}.Debug|Any CPU.Build.0 = Debug|Any CPU
		{A4E8ACC7-55B5-4B39-B798-81AE9927439F}.Release|Any CPU.ActiveCfg = Release|Any CPU
		{A4E8ACC7-55B5-4B39-B798-81AE9927439F}.Release|Any CPU.Build.0 = Release|Any CPU
	EndGlobalSection
	GlobalSection(SolutionProperties) = preSolution
		HideSolutionNode = FALSE
	EndGlobalSection
	GlobalSection(ExtensibilityGlobals) = postSolution
		SolutionGuid = {34AFFE8F-A6EB-4DF4-9CEF-D7752075D005}
	EndGlobalSection
EndGlobal
